// !$*UTF8*$!
{
	archiveVersion = 1;
	classes = {
	};
	objectVersion = 46;
	objects = {

/* Begin PBXBuildFile section */
		CA448ED61BF2FD0B00A93984 /* Main.storyboard in Resources */ = {isa = PBXBuildFile; fileRef = CA448ED41BF2FD0B00A93984 /* Main.storyboard */; };
		CA448ED81BF2FD0B00A93984 /* Assets.xcassets in Resources */ = {isa = PBXBuildFile; fileRef = CA448ED71BF2FD0B00A93984 /* Assets.xcassets */; };
		CA448EDB1BF2FD0B00A93984 /* LaunchScreen.storyboard in Resources */ = {isa = PBXBuildFile; fileRef = CA448ED91BF2FD0B00A93984 /* LaunchScreen.storyboard */; };
		CA448EE61BF2FD0B00A93984 /* SQLiteDBSwiftTests.swift in Sources */ = {isa = PBXBuildFile; fileRef = CA448EE51BF2FD0B00A93984 /* SQLiteDBSwiftTests.swift */; };
		CA448EF11BF2FD0B00A93984 /* SQLiteDBSwiftUITests.swift in Sources */ = {isa = PBXBuildFile; fileRef = CA448EF01BF2FD0B00A93984 /* SQLiteDBSwiftUITests.swift */; };
		CA448F181BF2FDB500A93984 /* AppDelegate.swift in Sources */ = {isa = PBXBuildFile; fileRef = CA448F121BF2FDB500A93984 /* AppDelegate.swift */; };
		CA448F191BF2FDB500A93984 /* ViewController.swift in Sources */ = {isa = PBXBuildFile; fileRef = CA448F171BF2FDB500A93984 /* ViewController.swift */; };
		CA448F241BF2FDFC00A93984 /* FMDatabase.m in Sources */ = {isa = PBXBuildFile; fileRef = CA448F1E1BF2FDFC00A93984 /* FMDatabase.m */; settings = {COMPILER_FLAGS = "-fno-objc-arc"; }; };
		CA448F251BF2FDFC00A93984 /* FMDatabaseAdditions.m in Sources */ = {isa = PBXBuildFile; fileRef = CA448F201BF2FDFC00A93984 /* FMDatabaseAdditions.m */; settings = {COMPILER_FLAGS = "-fno-objc-arc"; }; };
		CA448F261BF2FDFC00A93984 /* fmdb.txt in Resources */ = {isa = PBXBuildFile; fileRef = CA448F211BF2FDFC00A93984 /* fmdb.txt */; };
		CA448F271BF2FDFC00A93984 /* FMResultSet.m in Sources */ = {isa = PBXBuildFile; fileRef = CA448F231BF2FDFC00A93984 /* FMResultSet.m */; settings = {COMPILER_FLAGS = "-fno-objc-arc"; }; };
		CA448F291BF2FE4100A93984 /* Utility.swift in Sources */ = {isa = PBXBuildFile; fileRef = CA448F281BF2FE4100A93984 /* Utility.swift */; };
		CA448F2B1BF2FE8500A93984 /* libsqlite3.0.tbd in Frameworks */ = {isa = PBXBuildFile; fileRef = CA448F2A1BF2FE8500A93984 /* libsqlite3.0.tbd */; };
		CA448F2F1BF3100500A93984 /* iHartDB.sqlite in Resources */ = {isa = PBXBuildFile; fileRef = CA448F2E1BF3100400A93984 /* iHartDB.sqlite */; };
		CA448F311BF3106B00A93984 /* RegisterModel.swift in Sources */ = {isa = PBXBuildFile; fileRef = CA448F301BF3106B00A93984 /* RegisterModel.swift */; };
		CA448F331BF3107600A93984 /* RegisterModelManager.swift in Sources */ = {isa = PBXBuildFile; fileRef = CA448F321BF3107600A93984 /* RegisterModelManager.swift */; };
		CA448F371BF3171300A93984 /* RegisterTableViewCell.swift in Sources */ = {isa = PBXBuildFile; fileRef = CA448F361BF3171300A93984 /* RegisterTableViewCell.swift */; };
		CA448F3A1BF3229D00A93984 /* RegisterAddEditViewController.swift in Sources */ = {isa = PBXBuildFile; fileRef = CA448F391BF3229D00A93984 /* RegisterAddEditViewController.swift */; };
/* End PBXBuildFile section */

/* Begin PBXContainerItemProxy section */
		CA448EE21BF2FD0B00A93984 /* PBXContainerItemProxy */ = {
			isa = PBXContainerItemProxy;
			containerPortal = CA448EC51BF2FD0B00A93984 /* Project object */;
			proxyType = 1;
			remoteGlobalIDString = CA448ECC1BF2FD0B00A93984;
			remoteInfo = SQLiteDBSwift;
		};
		CA448EED1BF2FD0B00A93984 /* PBXContainerItemProxy */ = {
			isa = PBXContainerItemProxy;
			containerPortal = CA448EC51BF2FD0B00A93984 /* Project object */;
			proxyType = 1;
			remoteGlobalIDString = CA448ECC1BF2FD0B00A93984;
			remoteInfo = SQLiteDBSwift;
		};
/* End PBXContainerItemProxy section */

/* Begin PBXFileReference section */
		CA448ECD1BF2FD0B00A93984 /* SQLiteDBSwift.app */ = {isa = PBXFileReference; explicitFileType = wrapper.application; includeInIndex = 0; path = SQLiteDBSwift.app; sourceTree = BUILT_PRODUCTS_DIR; };
		CA448ED51BF2FD0B00A93984 /* Base */ = {isa = PBXFileReference; lastKnownFileType = file.storyboard; name = Base; path = Base.lproj/Main.storyboard; sourceTree = "<group>"; };
		CA448ED71BF2FD0B00A93984 /* Assets.xcassets */ = {isa = PBXFileReference; lastKnownFileType = folder.assetcatalog; path = Assets.xcassets; sourceTree = "<group>"; };
		CA448EDA1BF2FD0B00A93984 /* Base */ = {isa = PBXFileReference; lastKnownFileType = file.storyboard; name = Base; path = Base.lproj/LaunchScreen.storyboard; sourceTree = "<group>"; };
		CA448EDC1BF2FD0B00A93984 /* Info.plist */ = {isa = PBXFileReference; lastKnownFileType = text.plist.xml; path = Info.plist; sourceTree = "<group>"; };
		CA448EE11BF2FD0B00A93984 /* SQLiteDBSwiftTests.xctest */ = {isa = PBXFileReference; explicitFileType = wrapper.cfbundle; includeInIndex = 0; path = SQLiteDBSwiftTests.xctest; sourceTree = BUILT_PRODUCTS_DIR; };
		CA448EE51BF2FD0B00A93984 /* SQLiteDBSwiftTests.swift */ = {isa = PBXFileReference; lastKnownFileType = sourcecode.swift; path = SQLiteDBSwiftTests.swift; sourceTree = "<group>"; };
		CA448EE71BF2FD0B00A93984 /* Info.plist */ = {isa = PBXFileReference; lastKnownFileType = text.plist.xml; path = Info.plist; sourceTree = "<group>"; };
		CA448EEC1BF2FD0B00A93984 /* SQLiteDBSwiftUITests.xctest */ = {isa = PBXFileReference; explicitFileType = wrapper.cfbundle; includeInIndex = 0; path = SQLiteDBSwiftUITests.xctest; sourceTree = BUILT_PRODUCTS_DIR; };
		CA448EF01BF2FD0B00A93984 /* SQLiteDBSwiftUITests.swift */ = {isa = PBXFileReference; lastKnownFileType = sourcecode.swift; path = SQLiteDBSwiftUITests.swift; sourceTree = "<group>"; };
		CA448EF21BF2FD0B00A93984 /* Info.plist */ = {isa = PBXFileReference; lastKnownFileType = text.plist.xml; path = Info.plist; sourceTree = "<group>"; };
		CA448EFE1BF2FD3100A93984 /* SQLiteDBSwift-Bridging-Header.h */ = {isa = PBXFileReference; lastKnownFileType = sourcecode.c.h; path = "SQLiteDBSwift-Bridging-Header.h"; sourceTree = "<group>"; };
		CA448F121BF2FDB500A93984 /* AppDelegate.swift */ = {isa = PBXFileReference; fileEncoding = 4; lastKnownFileType = sourcecode.swift; path = AppDelegate.swift; sourceTree = "<group>"; };
		CA448F171BF2FDB500A93984 /* ViewController.swift */ = {isa = PBXFileReference; fileEncoding = 4; lastKnownFileType = sourcecode.swift; path = ViewController.swift; sourceTree = "<group>"; };
		CA448F1D1BF2FDFC00A93984 /* FMDatabase.h */ = {isa = PBXFileReference; fileEncoding = 4; lastKnownFileType = sourcecode.c.h; path = FMDatabase.h; sourceTree = "<group>"; };
		CA448F1E1BF2FDFC00A93984 /* FMDatabase.m */ = {isa = PBXFileReference; fileEncoding = 4; lastKnownFileType = sourcecode.c.objc; path = FMDatabase.m; sourceTree = "<group>"; };
		CA448F1F1BF2FDFC00A93984 /* FMDatabaseAdditions.h */ = {isa = PBXFileReference; fileEncoding = 4; lastKnownFileType = sourcecode.c.h; path = FMDatabaseAdditions.h; sourceTree = "<group>"; };
		CA448F201BF2FDFC00A93984 /* FMDatabaseAdditions.m */ = {isa = PBXFileReference; fileEncoding = 4; lastKnownFileType = sourcecode.c.objc; path = FMDatabaseAdditions.m; sourceTree = "<group>"; };
		CA448F211BF2FDFC00A93984 /* fmdb.txt */ = {isa = PBXFileReference; fileEncoding = 4; lastKnownFileType = text; path = fmdb.txt; sourceTree = "<group>"; };
		CA448F221BF2FDFC00A93984 /* FMResultSet.h */ = {isa = PBXFileReference; fileEncoding = 4; lastKnownFileType = sourcecode.c.h; path = FMResultSet.h; sourceTree = "<group>"; };
		CA448F231BF2FDFC00A93984 /* FMResultSet.m */ = {isa = PBXFileReference; fileEncoding = 4; lastKnownFileType = sourcecode.c.objc; path = FMResultSet.m; sourceTree = "<group>"; };
		CA448F281BF2FE4100A93984 /* Utility.swift */ = {isa = PBXFileReference; fileEncoding = 4; lastKnownFileType = sourcecode.swift; path = Utility.swift; sourceTree = "<group>"; };
		CA448F2A1BF2FE8500A93984 /* libsqlite3.0.tbd */ = {isa = PBXFileReference; lastKnownFileType = "sourcecode.text-based-dylib-definition"; name = libsqlite3.0.tbd; path = usr/lib/libsqlite3.0.tbd; sourceTree = SDKROOT; };
		CA448F2E1BF3100400A93984 /* iHartDB.sqlite */ = {isa = PBXFileReference; lastKnownFileType = file; path = iHartDB.sqlite; sourceTree = "<group>"; };
		CA448F301BF3106B00A93984 /* RegisterModel.swift */ = {isa = PBXFileReference; fileEncoding = 4; lastKnownFileType = sourcecode.swift; path = RegisterModel.swift; sourceTree = "<group>"; };
		CA448F321BF3107600A93984 /* RegisterModelManager.swift */ = {isa = PBXFileReference; fileEncoding = 4; lastKnownFileType = sourcecode.swift; path = RegisterModelManager.swift; sourceTree = "<group>"; };
		CA448F361BF3171300A93984 /* RegisterTableViewCell.swift */ = {isa = PBXFileReference; fileEncoding = 4; lastKnownFileType = sourcecode.swift; path = RegisterTableViewCell.swift; sourceTree = "<group>"; };
		CA448F391BF3229D00A93984 /* RegisterAddEditViewController.swift */ = {isa = PBXFileReference; fileEncoding = 4; lastKnownFileType = sourcecode.swift; path = RegisterAddEditViewController.swift; sourceTree = "<group>"; };
/* End PBXFileReference section */

/* Begin PBXFrameworksBuildPhase section */
		CA448ECA1BF2FD0B00A93984 /* Frameworks */ = {
			isa = PBXFrameworksBuildPhase;
			buildActionMask = 2147483647;
			files = (
				CA448F2B1BF2FE8500A93984 /* libsqlite3.0.tbd in Frameworks */,
			);
			runOnlyForDeploymentPostprocessing = 0;
		};
		CA448EDE1BF2FD0B00A93984 /* Frameworks */ = {
			isa = PBXFrameworksBuildPhase;
			buildActionMask = 2147483647;
			files = (
			);
			runOnlyForDeploymentPostprocessing = 0;
		};
		CA448EE91BF2FD0B00A93984 /* Frameworks */ = {
			isa = PBXFrameworksBuildPhase;
			buildActionMask = 2147483647;
			files = (
			);
			runOnlyForDeploymentPostprocessing = 0;
		};
/* End PBXFrameworksBuildPhase section */

/* Begin PBXGroup section */
		CA448EC41BF2FD0B00A93984 = {
			isa = PBXGroup;
			children = (
				CA448F2A1BF2FE8500A93984 /* libsqlite3.0.tbd */,
				CA448ECF1BF2FD0B00A93984 /* SQLiteDBSwift */,
				CA448EE41BF2FD0B00A93984 /* SQLiteDBSwiftTests */,
				CA448EEF1BF2FD0B00A93984 /* SQLiteDBSwiftUITests */,
				CA448ECE1BF2FD0B00A93984 /* Products */,
			);
			sourceTree = "<group>";
		};
		CA448ECE1BF2FD0B00A93984 /* Products */ = {
			isa = PBXGroup;
			children = (
				CA448ECD1BF2FD0B00A93984 /* SQLiteDBSwift.app */,
				CA448EE11BF2FD0B00A93984 /* SQLiteDBSwiftTests.xctest */,
				CA448EEC1BF2FD0B00A93984 /* SQLiteDBSwiftUITests.xctest */,
			);
			name = Products;
			sourceTree = "<group>";
		};
		CA448ECF1BF2FD0B00A93984 /* SQLiteDBSwift */ = {
			isa = PBXGroup;
			children = (
				CA448F111BF2FDB500A93984 /* AppDelegate */,
				CA448ED41BF2FD0B00A93984 /* Main.storyboard */,
				CA448F151BF2FDB500A93984 /* Views */,
				CA448F341BF316EB00A93984 /* TableVIewCell */,
				CA448F1B1BF2FDDA00A93984 /* Models */,
				CA448F1A1BF2FDDA00A93984 /* ModelManagers */,
				CA448F141BF2FDB500A93984 /* Utility */,
				CA448F131BF2FDB500A93984 /* ThirdParty */,
				CA448ED71BF2FD0B00A93984 /* Assets.xcassets */,
				CA448F2C1BF3031C00A93984 /* Database */,
				CA448EFE1BF2FD3100A93984 /* SQLiteDBSwift-Bridging-Header.h */,
				CA448ED91BF2FD0B00A93984 /* LaunchScreen.storyboard */,
				CA448EDC1BF2FD0B00A93984 /* Info.plist */,
			);
			path = SQLiteDBSwift;
			sourceTree = "<group>";
		};
		CA448EE41BF2FD0B00A93984 /* SQLiteDBSwiftTests */ = {
			isa = PBXGroup;
			children = (
				CA448EE51BF2FD0B00A93984 /* SQLiteDBSwiftTests.swift */,
				CA448EE71BF2FD0B00A93984 /* Info.plist */,
			);
			path = SQLiteDBSwiftTests;
			sourceTree = "<group>";
		};
		CA448EEF1BF2FD0B00A93984 /* SQLiteDBSwiftUITests */ = {
			isa = PBXGroup;
			children = (
				CA448EF01BF2FD0B00A93984 /* SQLiteDBSwiftUITests.swift */,
				CA448EF21BF2FD0B00A93984 /* Info.plist */,
			);
			path = SQLiteDBSwiftUITests;
			sourceTree = "<group>";
		};
		CA448F111BF2FDB500A93984 /* AppDelegate */ = {
			isa = PBXGroup;
			children = (
				CA448F121BF2FDB500A93984 /* AppDelegate.swift */,
			);
			path = AppDelegate;
			sourceTree = "<group>";
		};
		CA448F131BF2FDB500A93984 /* ThirdParty */ = {
			isa = PBXGroup;
			children = (
				CA448F1C1BF2FDFC00A93984 /* FMDB */,
			);
			path = ThirdParty;
			sourceTree = "<group>";
		};
		CA448F141BF2FDB500A93984 /* Utility */ = {
			isa = PBXGroup;
			children = (
				CA448F281BF2FE4100A93984 /* Utility.swift */,
			);
			path = Utility;
			sourceTree = "<group>";
		};
		CA448F151BF2FDB500A93984 /* Views */ = {
			isa = PBXGroup;
			children = (
				CA448F161BF2FDB500A93984 /* ViewController */,
				CA448F381BF3228100A93984 /* RegisterAddEditViewController */,
			);
			path = Views;
			sourceTree = "<group>";
		};
		CA448F161BF2FDB500A93984 /* ViewController */ = {
			isa = PBXGroup;
			children = (
				CA448F171BF2FDB500A93984 /* ViewController.swift */,
			);
			path = ViewController;
			sourceTree = "<group>";
		};
		CA448F1A1BF2FDDA00A93984 /* ModelManagers */ = {
			isa = PBXGroup;
			children = (
				CA448F321BF3107600A93984 /* RegisterModelManager.swift */,
			);
			path = ModelManagers;
			sourceTree = "<group>";
		};
		CA448F1B1BF2FDDA00A93984 /* Models */ = {
			isa = PBXGroup;
			children = (
				CA448F301BF3106B00A93984 /* RegisterModel.swift */,
			);
			path = Models;
			sourceTree = "<group>";
		};
		CA448F1C1BF2FDFC00A93984 /* FMDB */ = {
			isa = PBXGroup;
			children = (
				CA448F1D1BF2FDFC00A93984 /* FMDatabase.h */,
				CA448F1E1BF2FDFC00A93984 /* FMDatabase.m */,
				CA448F1F1BF2FDFC00A93984 /* FMDatabaseAdditions.h */,
				CA448F201BF2FDFC00A93984 /* FMDatabaseAdditions.m */,
				CA448F211BF2FDFC00A93984 /* fmdb.txt */,
				CA448F221BF2FDFC00A93984 /* FMResultSet.h */,
				CA448F231BF2FDFC00A93984 /* FMResultSet.m */,
			);
			path = FMDB;
			sourceTree = "<group>";
		};
		CA448F2C1BF3031C00A93984 /* Database */ = {
			isa = PBXGroup;
			children = (
				CA448F2E1BF3100400A93984 /* iHartDB.sqlite */,
			);
			path = Database;
			sourceTree = "<group>";
		};
		CA448F341BF316EB00A93984 /* TableVIewCell */ = {
			isa = PBXGroup;
			children = (
				CA448F351BF316EB00A93984 /* RegisterCell */,
			);
			path = TableVIewCell;
			sourceTree = "<group>";
		};
		CA448F351BF316EB00A93984 /* RegisterCell */ = {
			isa = PBXGroup;
			children = (
				CA448F361BF3171300A93984 /* RegisterTableViewCell.swift */,
			);
			path = RegisterCell;
			sourceTree = "<group>";
		};
		CA448F381BF3228100A93984 /* RegisterAddEditViewController */ = {
			isa = PBXGroup;
			children = (
				CA448F391BF3229D00A93984 /* RegisterAddEditViewController.swift */,
			);
			path = RegisterAddEditViewController;
			sourceTree = "<group>";
		};
/* End PBXGroup section */

/* Begin PBXNativeTarget section */
		CA448ECC1BF2FD0B00A93984 /* SQLiteDBSwift */ = {
			isa = PBXNativeTarget;
			buildConfigurationList = CA448EF51BF2FD0B00A93984 /* Build configuration list for PBXNativeTarget "SQLiteDBSwift" */;
			buildPhases = (
				CA448EC91BF2FD0B00A93984 /* Sources */,
				CA448ECA1BF2FD0B00A93984 /* Frameworks */,
				CA448ECB1BF2FD0B00A93984 /* Resources */,
			);
			buildRules = (
			);
			dependencies = (
			);
			name = SQLiteDBSwift;
			productName = SQLiteDBSwift;
			productReference = CA448ECD1BF2FD0B00A93984 /* SQLiteDBSwift.app */;
			productType = "com.apple.product-type.application";
		};
		CA448EE01BF2FD0B00A93984 /* SQLiteDBSwiftTests */ = {
			isa = PBXNativeTarget;
			buildConfigurationList = CA448EF81BF2FD0B00A93984 /* Build configuration list for PBXNativeTarget "SQLiteDBSwiftTests" */;
			buildPhases = (
				CA448EDD1BF2FD0B00A93984 /* Sources */,
				CA448EDE1BF2FD0B00A93984 /* Frameworks */,
				CA448EDF1BF2FD0B00A93984 /* Resources */,
			);
			buildRules = (
			);
			dependencies = (
				CA448EE31BF2FD0B00A93984 /* PBXTargetDependency */,
			);
			name = SQLiteDBSwiftTests;
			productName = SQLiteDBSwiftTests;
			productReference = CA448EE11BF2FD0B00A93984 /* SQLiteDBSwiftTests.xctest */;
			productType = "com.apple.product-type.bundle.unit-test";
		};
		CA448EEB1BF2FD0B00A93984 /* SQLiteDBSwiftUITests */ = {
			isa = PBXNativeTarget;
			buildConfigurationList = CA448EFB1BF2FD0B00A93984 /* Build configuration list for PBXNativeTarget "SQLiteDBSwiftUITests" */;
			buildPhases = (
				CA448EE81BF2FD0B00A93984 /* Sources */,
				CA448EE91BF2FD0B00A93984 /* Frameworks */,
				CA448EEA1BF2FD0B00A93984 /* Resources */,
			);
			buildRules = (
			);
			dependencies = (
				CA448EEE1BF2FD0B00A93984 /* PBXTargetDependency */,
			);
			name = SQLiteDBSwiftUITests;
			productName = SQLiteDBSwiftUITests;
			productReference = CA448EEC1BF2FD0B00A93984 /* SQLiteDBSwiftUITests.xctest */;
			productType = "com.apple.product-type.bundle.ui-testing";
		};
/* End PBXNativeTarget section */

/* Begin PBXProject section */
		CA448EC51BF2FD0B00A93984 /* Project object */ = {
			isa = PBXProject;
			attributes = {
				LastSwiftUpdateCheck = 0710;
				LastUpgradeCheck = 0710;
				ORGANIZATIONNAME = TheiHartBit;
				TargetAttributes = {
					CA448ECC1BF2FD0B00A93984 = {
						CreatedOnToolsVersion = 7.1;
					};
					CA448EE01BF2FD0B00A93984 = {
						CreatedOnToolsVersion = 7.1;
						TestTargetID = CA448ECC1BF2FD0B00A93984;
					};
					CA448EEB1BF2FD0B00A93984 = {
						CreatedOnToolsVersion = 7.1;
						TestTargetID = CA448ECC1BF2FD0B00A93984;
					};
				};
			};
			buildConfigurationList = CA448EC81BF2FD0B00A93984 /* Build configuration list for PBXProject "SQLiteDBSwift" */;
			compatibilityVersion = "Xcode 3.2";
			developmentRegion = English;
			hasScannedForEncodings = 0;
			knownRegions = (
				en,
				Base,
			);
			mainGroup = CA448EC41BF2FD0B00A93984;
			productRefGroup = CA448ECE1BF2FD0B00A93984 /* Products */;
			projectDirPath = "";
			projectRoot = "";
			targets = (
				CA448ECC1BF2FD0B00A93984 /* SQLiteDBSwift */,
				CA448EE01BF2FD0B00A93984 /* SQLiteDBSwiftTests */,
				CA448EEB1BF2FD0B00A93984 /* SQLiteDBSwiftUITests */,
			);
		};
/* End PBXProject section */

/* Begin PBXResourcesBuildPhase section */
		CA448ECB1BF2FD0B00A93984 /* Resources */ = {
			isa = PBXResourcesBuildPhase;
			buildActionMask = 2147483647;
			files = (
				CA448EDB1BF2FD0B00A93984 /* LaunchScreen.storyboard in Resources */,
				CA448ED81BF2FD0B00A93984 /* Assets.xcassets in Resources */,
				CA448F2F1BF3100500A93984 /* iHartDB.sqlite in Resources */,
				CA448ED61BF2FD0B00A93984 /* Main.storyboard in Resources */,
				CA448F261BF2FDFC00A93984 /* fmdb.txt in Resources */,
			);
			runOnlyForDeploymentPostprocessing = 0;
		};
		CA448EDF1BF2FD0B00A93984 /* Resources */ = {
			isa = PBXResourcesBuildPhase;
			buildActionMask = 2147483647;
			files = (
			);
			runOnlyForDeploymentPostprocessing = 0;
		};
		CA448EEA1BF2FD0B00A93984 /* Resources */ = {
			isa = PBXResourcesBuildPhase;
			buildActionMask = 2147483647;
			files = (
			);
			runOnlyForDeploymentPostprocessing = 0;
		};
/* End PBXResourcesBuildPhase section */

/* Begin PBXSourcesBuildPhase section */
		CA448EC91BF2FD0B00A93984 /* Sources */ = {
			isa = PBXSourcesBuildPhase;
			buildActionMask = 2147483647;
			files = (
				CA448F271BF2FDFC00A93984 /* FMResultSet.m in Sources */,
				CA448F311BF3106B00A93984 /* RegisterModel.swift in Sources */,
				CA448F191BF2FDB500A93984 /* ViewController.swift in Sources */,
				CA448F3A1BF3229D00A93984 /* RegisterAddEditViewController.swift in Sources */,
				CA448F291BF2FE4100A93984 /* Utility.swift in Sources */,
				CA448F181BF2FDB500A93984 /* AppDelegate.swift in Sources */,
				CA448F241BF2FDFC00A93984 /* FMDatabase.m in Sources */,
				CA448F331BF3107600A93984 /* RegisterModelManager.swift in Sources */,
				CA448F371BF3171300A93984 /* RegisterTableViewCell.swift in Sources */,
				CA448F251BF2FDFC00A93984 /* FMDatabaseAdditions.m in Sources */,
			);
			runOnlyForDeploymentPostprocessing = 0;
		};
		CA448EDD1BF2FD0B00A93984 /* Sources */ = {
			isa = PBXSourcesBuildPhase;
			buildActionMask = 2147483647;
			files = (
				CA448EE61BF2FD0B00A93984 /* SQLiteDBSwiftTests.swift in Sources */,
			);
			runOnlyForDeploymentPostprocessing = 0;
		};
		CA448EE81BF2FD0B00A93984 /* Sources */ = {
			isa = PBXSourcesBuildPhase;
			buildActionMask = 2147483647;
			files = (
				CA448EF11BF2FD0B00A93984 /* SQLiteDBSwiftUITests.swift in Sources */,
			);
			runOnlyForDeploymentPostprocessing = 0;
		};
/* End PBXSourcesBuildPhase section */

/* Begin PBXTargetDependency section */
		CA448EE31BF2FD0B00A93984 /* PBXTargetDependency */ = {
			isa = PBXTargetDependency;
			target = CA448ECC1BF2FD0B00A93984 /* SQLiteDBSwift */;
			targetProxy = CA448EE21BF2FD0B00A93984 /* PBXContainerItemProxy */;
		};
		CA448EEE1BF2FD0B00A93984 /* PBXTargetDependency */ = {
			isa = PBXTargetDependency;
			target = CA448ECC1BF2FD0B00A93984 /* SQLiteDBSwift */;
			targetProxy = CA448EED1BF2FD0B00A93984 /* PBXContainerItemProxy */;
		};
/* End PBXTargetDependency section */

/* Begin PBXVariantGroup section */
		CA448ED41BF2FD0B00A93984 /* Main.storyboard */ = {
			isa = PBXVariantGroup;
			children = (
				CA448ED51BF2FD0B00A93984 /* Base */,
			);
			name = Main.storyboard;
			sourceTree = "<group>";
		};
		CA448ED91BF2FD0B00A93984 /* LaunchScreen.storyboard */ = {
			isa = PBXVariantGroup;
			children = (
				CA448EDA1BF2FD0B00A93984 /* Base */,
			);
			name = LaunchScreen.storyboard;
			sourceTree = "<group>";
		};
/* End PBXVariantGroup section */

/* Begin XCBuildConfiguration section */
		CA448EF31BF2FD0B00A93984 /* Debug */ = {
			isa = XCBuildConfiguration;
			buildSettings = {
				ALWAYS_SEARCH_USER_PATHS = NO;
				CLANG_CXX_LANGUAGE_STANDARD = "gnu++0x";
				CLANG_CXX_LIBRARY = "libc++";
				CLANG_ENABLE_MODULES = YES;
				CLANG_ENABLE_OBJC_ARC = YES;
				CLANG_WARN_BOOL_CONVERSION = YES;
				CLANG_WARN_CONSTANT_CONVERSION = YES;
				CLANG_WARN_DIRECT_OBJC_ISA_USAGE = YES_ERROR;
				CLANG_WARN_EMPTY_BODY = YES;
				CLANG_WARN_ENUM_CONVERSION = YES;
				CLANG_WARN_INT_CONVERSION = YES;
				CLANG_WARN_OBJC_ROOT_CLASS = YES_ERROR;
				CLANG_WARN_UNREACHABLE_CODE = YES;
				CLANG_WARN__DUPLICATE_METHOD_MATCH = YES;
				"CODE_SIGN_IDENTITY[sdk=iphoneos*]" = "iPhone Developer";
				COPY_PHASE_STRIP = NO;
				DEBUG_INFORMATION_FORMAT = dwarf;
				ENABLE_STRICT_OBJC_MSGSEND = YES;
				ENABLE_TESTABILITY = YES;
				GCC_C_LANGUAGE_STANDARD = gnu99;
				GCC_DYNAMIC_NO_PIC = NO;
				GCC_NO_COMMON_BLOCKS = YES;
				GCC_OPTIMIZATION_LEVEL = 0;
				GCC_PREPROCESSOR_DEFINITIONS = (
					"DEBUG=1",
					"$(inherited)",
				);
				GCC_WARN_64_TO_32_BIT_CONVERSION = YES;
				GCC_WARN_ABOUT_RETURN_TYPE = YES_ERROR;
				GCC_WARN_UNDECLARED_SELECTOR = YES;
				GCC_WARN_UNINITIALIZED_AUTOS = YES_AGGRESSIVE;
				GCC_WARN_UNUSED_FUNCTION = YES;
				GCC_WARN_UNUSED_VARIABLE = YES;
				IPHONEOS_DEPLOYMENT_TARGET = 9.1;
				MTL_ENABLE_DEBUG_INFO = YES;
				ONLY_ACTIVE_ARCH = YES;
				SDKROOT = iphoneos;
				SWIFT_OPTIMIZATION_LEVEL = "-Onone";
			};
			name = Debug;
		};
		CA448EF41BF2FD0B00A93984 /* Release */ = {
			isa = XCBuildConfiguration;
			buildSettings = {
				ALWAYS_SEARCH_USER_PATHS = NO;
				CLANG_CXX_LANGUAGE_STANDARD = "gnu++0x";
				CLANG_CXX_LIBRARY = "libc++";
				CLANG_ENABLE_MODULES = YES;
				CLANG_ENABLE_OBJC_ARC = YES;
				CLANG_WARN_BOOL_CONVERSION = YES;
				CLANG_WARN_CONSTANT_CONVERSION = YES;
				CLANG_WARN_DIRECT_OBJC_ISA_USAGE = YES_ERROR;
				CLANG_WARN_EMPTY_BODY = YES;
				CLANG_WARN_ENUM_CONVERSION = YES;
				CLANG_WARN_INT_CONVERSION = YES;
				CLANG_WARN_OBJC_ROOT_CLASS = YES_ERROR;
				CLANG_WARN_UNREACHABLE_CODE = YES;
				CLANG_WARN__DUPLICATE_METHOD_MATCH = YES;
				"CODE_SIGN_IDENTITY[sdk=iphoneos*]" = "iPhone Developer";
				COPY_PHASE_STRIP = NO;
				DEBUG_INFORMATION_FORMAT = "dwarf-with-dsym";
				ENABLE_NS_ASSERTIONS = NO;
				ENABLE_STRICT_OBJC_MSGSEND = YES;
				GCC_C_LANGUAGE_STANDARD = gnu99;
				GCC_NO_COMMON_BLOCKS = YES;
				GCC_WARN_64_TO_32_BIT_CONVERSION = YES;
				GCC_WARN_ABOUT_RETURN_TYPE = YES_ERROR;
				GCC_WARN_UNDECLARED_SELECTOR = YES;
				GCC_WARN_UNINITIALIZED_AUTOS = YES_AGGRESSIVE;
				GCC_WARN_UNUSED_FUNCTION = YES;
				GCC_WARN_UNUSED_VARIABLE = YES;
				IPHONEOS_DEPLOYMENT_TARGET = 9.1;
				MTL_ENABLE_DEBUG_INFO = NO;
				SDKROOT = iphoneos;
				VALIDATE_PRODUCT = YES;
			};
			name = Release;
		};
		CA448EF61BF2FD0B00A93984 /* Debug */ = {
			isa = XCBuildConfiguration;
			buildSettings = {
				ASSETCATALOG_COMPILER_APPICON_NAME = AppIcon;
				CLANG_ENABLE_MODULES = YES;
				INFOPLIST_FILE = SQLiteDBSwift/Info.plist;
				LD_RUNPATH_SEARCH_PATHS = "$(inherited) @executable_path/Frameworks";
				PRODUCT_BUNDLE_IDENTIFIER = com.iHart.SQLiteDBSwift;
				PRODUCT_NAME = "$(TARGET_NAME)";
				SWIFT_OBJC_BRIDGING_HEADER = "SQLiteDBSwift/SQLiteDBSwift-Bridging-Header.h";
				SWIFT_OPTIMIZATION_LEVEL = "-Onone";
			};
			name = Debug;
		};
		CA448EF71BF2FD0B00A93984 /* Release */ = {
			isa = XCBuildConfiguration;
			buildSettings = {
				ASSETCATALOG_COMPILER_APPICON_NAME = AppIcon;
				CLANG_ENABLE_MODULES = YES;
				INFOPLIST_FILE = SQLiteDBSwift/Info.plist;
				LD_RUNPATH_SEARCH_PATHS = "$(inherited) @executable_path/Frameworks";
				PRODUCT_BUNDLE_IDENTIFIER = com.iHart.SQLiteDBSwift;
				PRODUCT_NAME = "$(TARGET_NAME)";
				SWIFT_OBJC_BRIDGING_HEADER = "SQLiteDBSwift/SQLiteDBSwift-Bridging-Header.h";
			};
			name = Release;
		};
		CA448EF91BF2FD0B00A93984 /* Debug */ = {
			isa = XCBuildConfiguration;
			buildSettings = {
				BUNDLE_LOADER = "$(TEST_HOST)";
				INFOPLIST_FILE = SQLiteDBSwiftTests/Info.plist;
				LD_RUNPATH_SEARCH_PATHS = "$(inherited) @executable_path/Frameworks @loader_path/Frameworks";
				PRODUCT_BUNDLE_IDENTIFIER = com.iHart.SQLiteDBSwiftTests;
				PRODUCT_NAME = "$(TARGET_NAME)";
				TEST_HOST = "$(BUILT_PRODUCTS_DIR)/SQLiteDBSwift.app/SQLiteDBSwift";
			};
			name = Debug;
		};
		CA448EFA1BF2FD0B00A93984 /* Release */ = {
			isa = XCBuildConfiguration;
			buildSettings = {
				BUNDLE_LOADER = "$(TEST_HOST)";
				INFOPLIST_FILE = SQLiteDBSwiftTests/Info.plist;
				LD_RUNPATH_SEARCH_PATHS = "$(inherited) @executable_path/Frameworks @loader_path/Frameworks";
				PRODUCT_BUNDLE_IDENTIFIER = com.iHart.SQLiteDBSwiftTests;
				PRODUCT_NAME = "$(TARGET_NAME)";
				TEST_HOST = "$(BUILT_PRODUCTS_DIR)/SQLiteDBSwift.app/SQLiteDBSwift";
			};
			name = Release;
		};
		CA448EFC1BF2FD0B00A93984 /* Debug */ = {
			isa = XCBuildConfiguration;
			buildSettings = {
				INFOPLIST_FILE = SQLiteDBSwiftUITests/Info.plist;
				LD_RUNPATH_SEARCH_PATHS = "$(inherited) @executable_path/Frameworks @loader_path/Frameworks";
				PRODUCT_BUNDLE_IDENTIFIER = com.iHart.SQLiteDBSwiftUITests;
				PRODUCT_NAME = "$(TARGET_NAME)";
				TEST_TARGET_NAME = SQLiteDBSwift;
				USES_XCTRUNNER = YES;
			};
			name = Debug;
		};
		CA448EFD1BF2FD0B00A93984 /* Release */ = {
			isa = XCBuildConfiguration;
			buildSettings = {
				INFOPLIST_FILE = SQLiteDBSwiftUITests/Info.plist;
				LD_RUNPATH_SEARCH_PATHS = "$(inherited) @executable_path/Frameworks @loader_path/Frameworks";
				PRODUCT_BUNDLE_IDENTIFIER = com.iHart.SQLiteDBSwiftUITests;
				PRODUCT_NAME = "$(TARGET_NAME)";
				TEST_TARGET_NAME = SQLiteDBSwift;
				USES_XCTRUNNER = YES;
			};
			name = Release;
		};
/* End XCBuildConfiguration section */

/* Begin XCConfigurationList section */
		CA448EC81BF2FD0B00A93984 /* Build configuration list for PBXProject "SQLiteDBSwift" */ = {
			isa = XCConfigurationList;
			buildConfigurations = (
				CA448EF31BF2FD0B00A93984 /* Debug */,
				CA448EF41BF2FD0B00A93984 /* Release */,
			);
			defaultConfigurationIsVisible = 0;
			defaultConfigurationName = Release;
		};
		CA448EF51BF2FD0B00A93984 /* Build configuration list for PBXNativeTarget "SQLiteDBSwift" */ = {
			isa = XCConfigurationList;
			buildConfigurations = (
				CA448EF61BF2FD0B00A93984 /* Debug */,
				CA448EF71BF2FD0B00A93984 /* Release */,
			);
			defaultConfigurationIsVisible = 0;
		};
		CA448EF81BF2FD0B00A93984 /* Build configuration list for PBXNativeTarget "SQLiteDBSwiftTests" */ = {
			isa = XCConfigurationList;
			buildConfigurations = (
				CA448EF91BF2FD0B00A93984 /* Debug */,
				CA448EFA1BF2FD0B00A93984 /* Release */,
			);
			defaultConfigurationIsVisible = 0;
		};
		CA448EFB1BF2FD0B00A93984 /* Build configuration list for PBXNativeTarget "SQLiteDBSwiftUITests" */ = {
			isa = XCConfigurationList;
			buildConfigurations = (
				CA448EFC1BF2FD0B00A93984 /* Debug */,
				CA448EFD1BF2FD0B00A93984 /* Release */,
			);
			defaultConfigurationIsVisible = 0;
		};
/* End XCConfigurationList section */
	};
	rootObject = CA448EC51BF2FD0B00A93984 /* Project object */;
}
